// !$*UTF8*$!
{
	archiveVersion = 1;
	classes = {
	};
	objectVersion = 52;
	objects = {

/* Begin PBXBuildFile section */
		0924055A26AA177D000D7E32 /* MeteoriteCellViewModel.swift in Sources */ = {isa = PBXBuildFile; fileRef = 0924055926AA177D000D7E32 /* MeteoriteCellViewModel.swift */; };
		0924055E26AA31FC000D7E32 /* MeteoriteListViewModelTests.swift in Sources */ = {isa = PBXBuildFile; fileRef = 0924055D26AA31FC000D7E32 /* MeteoriteListViewModelTests.swift */; };
		095533B626A62951003A65A7 /* FiltersModel.swift in Sources */ = {isa = PBXBuildFile; fileRef = 095533B526A62951003A65A7 /* FiltersModel.swift */; };
		095533B826A62A7B003A65A7 /* FiltersModelFactory.swift in Sources */ = {isa = PBXBuildFile; fileRef = 095533B726A62A7B003A65A7 /* FiltersModelFactory.swift */; };
		095533BB26A62E3C003A65A7 /* Mocks.swift in Sources */ = {isa = PBXBuildFile; fileRef = 095533BA26A62E3C003A65A7 /* Mocks.swift */; };
		095533BD26A6313E003A65A7 /* MeteoriteListViewModel.swift in Sources */ = {isa = PBXBuildFile; fileRef = 095533BC26A6313E003A65A7 /* MeteoriteListViewModel.swift */; };
		095533BF26A63197003A65A7 /* MeteoriteListModelFactory.swift in Sources */ = {isa = PBXBuildFile; fileRef = 095533BE26A63197003A65A7 /* MeteoriteListModelFactory.swift */; };
		095533C126A63A1D003A65A7 /* MapModel.swift in Sources */ = {isa = PBXBuildFile; fileRef = 095533C026A63A1D003A65A7 /* MapModel.swift */; };
		095F401A26AAAFF0002329CD /* MeteoriteListModelFactoryTests.swift in Sources */ = {isa = PBXBuildFile; fileRef = 095F401926AAAFF0002329CD /* MeteoriteListModelFactoryTests.swift */; };
		095F403C26AACD1B002329CD /* MeteoriteListBridge.swift in Sources */ = {isa = PBXBuildFile; fileRef = 095F403B26AACD1B002329CD /* MeteoriteListBridge.swift */; };
		095F404626AAE2C9002329CD /* Bundle+Extension.swift in Sources */ = {isa = PBXBuildFile; fileRef = 095F404526AAE2C9002329CD /* Bundle+Extension.swift */; };
		095F404826AAE2FB002329CD /* DispatchQueue+Extension.swift in Sources */ = {isa = PBXBuildFile; fileRef = 095F404726AAE2FB002329CD /* DispatchQueue+Extension.swift */; };
		095F404A26AB1214002329CD /* LocationManager.swift in Sources */ = {isa = PBXBuildFile; fileRef = 095F404926AB1214002329CD /* LocationManager.swift */; };
		097FE1D326A1EDD800E7A423 /* MeteoriteCell.swift in Sources */ = {isa = PBXBuildFile; fileRef = 097FE1D226A1EDD800E7A423 /* MeteoriteCell.swift */; };
		097FE1D726A1EE7900E7A423 /* Meteorite.swift in Sources */ = {isa = PBXBuildFile; fileRef = 097FE1D626A1EE7900E7A423 /* Meteorite.swift */; };
		097FE1DB26A1FD8200E7A423 /* TextViews.swift in Sources */ = {isa = PBXBuildFile; fileRef = 097FE1DA26A1FD8200E7A423 /* TextViews.swift */; };
		097FE1DE26A2003300E7A423 /* Assets.xcassets in Resources */ = {isa = PBXBuildFile; fileRef = 097FE1DD26A2003300E7A423 /* Assets.xcassets */; platformFilter = ios; };
		097FE1E126A2064300E7A423 /* MeteoriteCellModel.swift in Sources */ = {isa = PBXBuildFile; fileRef = 097FE1E026A2064300E7A423 /* MeteoriteCellModel.swift */; };
		097FE1E326A2E5AF00E7A423 /* Constants.swift in Sources */ = {isa = PBXBuildFile; fileRef = 097FE1E226A2E5AF00E7A423 /* Constants.swift */; };
		09C94C2326A6CFEE00BAED7D /* MeteoriteRouter.swift in Sources */ = {isa = PBXBuildFile; fileRef = 09C94C2226A6CFEE00BAED7D /* MeteoriteRouter.swift */; };
		09C94C2726A6D12900BAED7D /* APIMeteorite.swift in Sources */ = {isa = PBXBuildFile; fileRef = 09C94C2626A6D12900BAED7D /* APIMeteorite.swift */; };
		09C94C2D26A6D47500BAED7D /* get-meteorite-list.json in Resources */ = {isa = PBXBuildFile; fileRef = 09C94C2C26A6D47500BAED7D /* get-meteorite-list.json */; };
		09C94C3026A6D4C800BAED7D /* MockMeteoriteFiles.swift in Sources */ = {isa = PBXBuildFile; fileRef = 09C94C2F26A6D4C800BAED7D /* MockMeteoriteFiles.swift */; };
		09C94C3226A6D5D200BAED7D /* Mocks.swift in Sources */ = {isa = PBXBuildFile; fileRef = 09C94C3126A6D5D200BAED7D /* Mocks.swift */; };
		09C94C3526A6D6EB00BAED7D /* MeteoriteApiServiceProtocol.swift in Sources */ = {isa = PBXBuildFile; fileRef = 09C94C3426A6D6EB00BAED7D /* MeteoriteApiServiceProtocol.swift */; };
		09C94C3726A6D89C00BAED7D /* MeteoriteApiModelMapper.swift in Sources */ = {isa = PBXBuildFile; fileRef = 09C94C3626A6D89C00BAED7D /* MeteoriteApiModelMapper.swift */; };
		09C94C4726A73BE500BAED7D /* MeteoriteListManager.swift in Sources */ = {isa = PBXBuildFile; fileRef = 09C94C4626A73BE500BAED7D /* MeteoriteListManager.swift */; };
		09C94C4926A7409900BAED7D /* MeteoriteDbService.swift in Sources */ = {isa = PBXBuildFile; fileRef = 09C94C4826A7409900BAED7D /* MeteoriteDbService.swift */; };
		09C94C5726A778DF00BAED7D /* JSONSerializer.swift in Sources */ = {isa = PBXBuildFile; fileRef = 09C94C5626A778DF00BAED7D /* JSONSerializer.swift */; };
		09C94C5926A77B7600BAED7D /* DBMeteorite.swift in Sources */ = {isa = PBXBuildFile; fileRef = 09C94C5826A77B7600BAED7D /* DBMeteorite.swift */; };
		09C94C5B26A77BE000BAED7D /* MeteoriteDbModelMapper.swift in Sources */ = {isa = PBXBuildFile; fileRef = 09C94C5A26A77BE000BAED7D /* MeteoriteDbModelMapper.swift */; };
		09C94C6726A85ABA00BAED7D /* MeteoriteDbServiceTests.swift in Sources */ = {isa = PBXBuildFile; fileRef = 09C94C6626A85ABA00BAED7D /* MeteoriteDbServiceTests.swift */; };
		09C94C6A26A86E4800BAED7D /* MeteoriteListManagerTests.swift in Sources */ = {isa = PBXBuildFile; fileRef = 09C94C6926A86E4800BAED7D /* MeteoriteListManagerTests.swift */; };
		09C94C6D26A87FF800BAED7D /* MeteoriteApiModelMapperTests.swift in Sources */ = {isa = PBXBuildFile; fileRef = 09C94C6C26A87FF800BAED7D /* MeteoriteApiModelMapperTests.swift */; };
		09C94C6F26A8899300BAED7D /* MeteoriteDbModelMapperTests.swift in Sources */ = {isa = PBXBuildFile; fileRef = 09C94C6E26A8899300BAED7D /* MeteoriteDbModelMapperTests.swift */; };
		09E1401626A1EB990098EA07 /* MeteoriteListView.swift in Sources */ = {isa = PBXBuildFile; fileRef = 09E1401526A1EB990098EA07 /* MeteoriteListView.swift */; };
		09F5E53126A30670009E3FFF /* MeteoriteListModel.swift in Sources */ = {isa = PBXBuildFile; fileRef = 09F5E53026A30670009E3FFF /* MeteoriteListModel.swift */; };
		09F5E53326A30961009E3FFF /* PreviewMockGenerator.swift in Sources */ = {isa = PBXBuildFile; fileRef = 09F5E53226A30961009E3FFF /* PreviewMockGenerator.swift */; };
		09F5E53726A31342009E3FFF /* MeteoriteListBackgroundView.swift in Sources */ = {isa = PBXBuildFile; fileRef = 09F5E53626A31342009E3FFF /* MeteoriteListBackgroundView.swift */; };
		09F5E53926A3259C009E3FFF /* Buttons.swift in Sources */ = {isa = PBXBuildFile; fileRef = 09F5E53826A3259C009E3FFF /* Buttons.swift */; };
		09F5E53C26A32B0E009E3FFF /* FiltersView.swift in Sources */ = {isa = PBXBuildFile; fileRef = 09F5E53B26A32B0E009E3FFF /* FiltersView.swift */; };
		09F5E54026A44C14009E3FFF /* FiltersViewModel.swift in Sources */ = {isa = PBXBuildFile; fileRef = 09F5E53F26A44C14009E3FFF /* FiltersViewModel.swift */; };
		09F5E54326A47482009E3FFF /* MapView.swift in Sources */ = {isa = PBXBuildFile; fileRef = 09F5E54226A47482009E3FFF /* MapView.swift */; };
		09F5E54526A4748F009E3FFF /* MapViewModel.swift in Sources */ = {isa = PBXBuildFile; fileRef = 09F5E54426A4748F009E3FFF /* MapViewModel.swift */; };
		09F5E54726A48D55009E3FFF /* MapViewModelFactory.swift in Sources */ = {isa = PBXBuildFile; fileRef = 09F5E54626A48D55009E3FFF /* MapViewModelFactory.swift */; };
		F1614E3826A99F36004F4285 /* MeteorsFeature.swift in Sources */ = {isa = PBXBuildFile; fileRef = F1614E3726A99F36004F4285 /* MeteorsFeature.swift */; };
		F1614E3E26A9A037004F4285 /* MeteorsFeatureContainerView.swift in Sources */ = {isa = PBXBuildFile; fileRef = F1614E3D26A9A037004F4285 /* MeteorsFeatureContainerView.swift */; };
		F1676F9F26A1DC03009F0644 /* MeteorsFeature.framework in Frameworks */ = {isa = PBXBuildFile; fileRef = F1676F9526A1DC02009F0644 /* MeteorsFeature.framework */; };
		F1676FA426A1DC03009F0644 /* MeteorsFeatureTests.swift in Sources */ = {isa = PBXBuildFile; fileRef = F1676FA326A1DC03009F0644 /* MeteorsFeatureTests.swift */; };
		F1676FA626A1DC03009F0644 /* MeteorsFeature.h in Headers */ = {isa = PBXBuildFile; fileRef = F1676F9826A1DC02009F0644 /* MeteorsFeature.h */; settings = {ATTRIBUTES = (Public, ); }; };
		F1676FB626A1DC3C009F0644 /* Networking in Frameworks */ = {isa = PBXBuildFile; productRef = F1676FB526A1DC3C009F0644 /* Networking */; };
/* End PBXBuildFile section */

/* Begin PBXContainerItemProxy section */
		F1676FA026A1DC03009F0644 /* PBXContainerItemProxy */ = {
			isa = PBXContainerItemProxy;
			containerPortal = F1676F8C26A1DC02009F0644 /* Project object */;
			proxyType = 1;
			remoteGlobalIDString = F1676F9426A1DC02009F0644;
			remoteInfo = MeteorsFeature;
		};
/* End PBXContainerItemProxy section */

/* Begin PBXFileReference section */
		0924055926AA177D000D7E32 /* MeteoriteCellViewModel.swift */ = {isa = PBXFileReference; lastKnownFileType = sourcecode.swift; path = MeteoriteCellViewModel.swift; sourceTree = "<group>"; };
		0924055D26AA31FC000D7E32 /* MeteoriteListViewModelTests.swift */ = {isa = PBXFileReference; lastKnownFileType = sourcecode.swift; path = MeteoriteListViewModelTests.swift; sourceTree = "<group>"; };
		095533B526A62951003A65A7 /* FiltersModel.swift */ = {isa = PBXFileReference; lastKnownFileType = sourcecode.swift; path = FiltersModel.swift; sourceTree = "<group>"; };
		095533B726A62A7B003A65A7 /* FiltersModelFactory.swift */ = {isa = PBXFileReference; lastKnownFileType = sourcecode.swift; path = FiltersModelFactory.swift; sourceTree = "<group>"; };
		095533BA26A62E3C003A65A7 /* Mocks.swift */ = {isa = PBXFileReference; lastKnownFileType = sourcecode.swift; path = Mocks.swift; sourceTree = "<group>"; };
		095533BC26A6313E003A65A7 /* MeteoriteListViewModel.swift */ = {isa = PBXFileReference; lastKnownFileType = sourcecode.swift; path = MeteoriteListViewModel.swift; sourceTree = "<group>"; };
		095533BE26A63197003A65A7 /* MeteoriteListModelFactory.swift */ = {isa = PBXFileReference; lastKnownFileType = sourcecode.swift; path = MeteoriteListModelFactory.swift; sourceTree = "<group>"; };
		095533C026A63A1D003A65A7 /* MapModel.swift */ = {isa = PBXFileReference; lastKnownFileType = sourcecode.swift; path = MapModel.swift; sourceTree = "<group>"; };
		095F401926AAAFF0002329CD /* MeteoriteListModelFactoryTests.swift */ = {isa = PBXFileReference; lastKnownFileType = sourcecode.swift; path = MeteoriteListModelFactoryTests.swift; sourceTree = "<group>"; };
		095F403B26AACD1B002329CD /* MeteoriteListBridge.swift */ = {isa = PBXFileReference; lastKnownFileType = sourcecode.swift; path = MeteoriteListBridge.swift; sourceTree = "<group>"; };
		095F404526AAE2C9002329CD /* Bundle+Extension.swift */ = {isa = PBXFileReference; lastKnownFileType = sourcecode.swift; path = "Bundle+Extension.swift"; sourceTree = "<group>"; };
		095F404726AAE2FB002329CD /* DispatchQueue+Extension.swift */ = {isa = PBXFileReference; lastKnownFileType = sourcecode.swift; path = "DispatchQueue+Extension.swift"; sourceTree = "<group>"; };
		095F404926AB1214002329CD /* LocationManager.swift */ = {isa = PBXFileReference; lastKnownFileType = sourcecode.swift; path = LocationManager.swift; sourceTree = "<group>"; };
		097FE1D226A1EDD800E7A423 /* MeteoriteCell.swift */ = {isa = PBXFileReference; lastKnownFileType = sourcecode.swift; path = MeteoriteCell.swift; sourceTree = "<group>"; };
		097FE1D626A1EE7900E7A423 /* Meteorite.swift */ = {isa = PBXFileReference; lastKnownFileType = sourcecode.swift; path = Meteorite.swift; sourceTree = "<group>"; };
		097FE1DA26A1FD8200E7A423 /* TextViews.swift */ = {isa = PBXFileReference; lastKnownFileType = sourcecode.swift; path = TextViews.swift; sourceTree = "<group>"; };
		097FE1DD26A2003300E7A423 /* Assets.xcassets */ = {isa = PBXFileReference; lastKnownFileType = folder.assetcatalog; path = Assets.xcassets; sourceTree = "<group>"; };
		097FE1E026A2064300E7A423 /* MeteoriteCellModel.swift */ = {isa = PBXFileReference; lastKnownFileType = sourcecode.swift; path = MeteoriteCellModel.swift; sourceTree = "<group>"; };
		097FE1E226A2E5AF00E7A423 /* Constants.swift */ = {isa = PBXFileReference; lastKnownFileType = sourcecode.swift; path = Constants.swift; sourceTree = "<group>"; };
		09C94C2226A6CFEE00BAED7D /* MeteoriteRouter.swift */ = {isa = PBXFileReference; lastKnownFileType = sourcecode.swift; path = MeteoriteRouter.swift; sourceTree = "<group>"; };
		09C94C2626A6D12900BAED7D /* APIMeteorite.swift */ = {isa = PBXFileReference; lastKnownFileType = sourcecode.swift; path = APIMeteorite.swift; sourceTree = "<group>"; };
		09C94C2C26A6D47500BAED7D /* get-meteorite-list.json */ = {isa = PBXFileReference; fileEncoding = 4; lastKnownFileType = text.json; path = "get-meteorite-list.json"; sourceTree = "<group>"; };
		09C94C2F26A6D4C800BAED7D /* MockMeteoriteFiles.swift */ = {isa = PBXFileReference; lastKnownFileType = sourcecode.swift; path = MockMeteoriteFiles.swift; sourceTree = "<group>"; };
		09C94C3126A6D5D200BAED7D /* Mocks.swift */ = {isa = PBXFileReference; lastKnownFileType = sourcecode.swift; path = Mocks.swift; sourceTree = "<group>"; };
		09C94C3426A6D6EB00BAED7D /* MeteoriteApiServiceProtocol.swift */ = {isa = PBXFileReference; lastKnownFileType = sourcecode.swift; path = MeteoriteApiServiceProtocol.swift; sourceTree = "<group>"; };
		09C94C3626A6D89C00BAED7D /* MeteoriteApiModelMapper.swift */ = {isa = PBXFileReference; lastKnownFileType = sourcecode.swift; path = MeteoriteApiModelMapper.swift; sourceTree = "<group>"; };
		09C94C4626A73BE500BAED7D /* MeteoriteListManager.swift */ = {isa = PBXFileReference; lastKnownFileType = sourcecode.swift; path = MeteoriteListManager.swift; sourceTree = "<group>"; };
		09C94C4826A7409900BAED7D /* MeteoriteDbService.swift */ = {isa = PBXFileReference; lastKnownFileType = sourcecode.swift; path = MeteoriteDbService.swift; sourceTree = "<group>"; };
		09C94C5626A778DF00BAED7D /* JSONSerializer.swift */ = {isa = PBXFileReference; lastKnownFileType = sourcecode.swift; path = JSONSerializer.swift; sourceTree = "<group>"; };
		09C94C5826A77B7600BAED7D /* DBMeteorite.swift */ = {isa = PBXFileReference; lastKnownFileType = sourcecode.swift; path = DBMeteorite.swift; sourceTree = "<group>"; };
		09C94C5A26A77BE000BAED7D /* MeteoriteDbModelMapper.swift */ = {isa = PBXFileReference; lastKnownFileType = sourcecode.swift; path = MeteoriteDbModelMapper.swift; sourceTree = "<group>"; };
		09C94C6626A85ABA00BAED7D /* MeteoriteDbServiceTests.swift */ = {isa = PBXFileReference; lastKnownFileType = sourcecode.swift; path = MeteoriteDbServiceTests.swift; sourceTree = "<group>"; };
		09C94C6926A86E4800BAED7D /* MeteoriteListManagerTests.swift */ = {isa = PBXFileReference; lastKnownFileType = sourcecode.swift; path = MeteoriteListManagerTests.swift; sourceTree = "<group>"; };
		09C94C6C26A87FF800BAED7D /* MeteoriteApiModelMapperTests.swift */ = {isa = PBXFileReference; lastKnownFileType = sourcecode.swift; path = MeteoriteApiModelMapperTests.swift; sourceTree = "<group>"; };
		09C94C6E26A8899300BAED7D /* MeteoriteDbModelMapperTests.swift */ = {isa = PBXFileReference; lastKnownFileType = sourcecode.swift; path = MeteoriteDbModelMapperTests.swift; sourceTree = "<group>"; };
		09E1401526A1EB990098EA07 /* MeteoriteListView.swift */ = {isa = PBXFileReference; lastKnownFileType = sourcecode.swift; path = MeteoriteListView.swift; sourceTree = "<group>"; };
		09F5E53026A30670009E3FFF /* MeteoriteListModel.swift */ = {isa = PBXFileReference; lastKnownFileType = sourcecode.swift; path = MeteoriteListModel.swift; sourceTree = "<group>"; };
		09F5E53226A30961009E3FFF /* PreviewMockGenerator.swift */ = {isa = PBXFileReference; lastKnownFileType = sourcecode.swift; path = PreviewMockGenerator.swift; sourceTree = "<group>"; };
		09F5E53626A31342009E3FFF /* MeteoriteListBackgroundView.swift */ = {isa = PBXFileReference; lastKnownFileType = sourcecode.swift; path = MeteoriteListBackgroundView.swift; sourceTree = "<group>"; };
		09F5E53826A3259C009E3FFF /* Buttons.swift */ = {isa = PBXFileReference; lastKnownFileType = sourcecode.swift; path = Buttons.swift; sourceTree = "<group>"; };
		09F5E53B26A32B0E009E3FFF /* FiltersView.swift */ = {isa = PBXFileReference; lastKnownFileType = sourcecode.swift; path = FiltersView.swift; sourceTree = "<group>"; };
		09F5E53F26A44C14009E3FFF /* FiltersViewModel.swift */ = {isa = PBXFileReference; lastKnownFileType = sourcecode.swift; path = FiltersViewModel.swift; sourceTree = "<group>"; };
		09F5E54226A47482009E3FFF /* MapView.swift */ = {isa = PBXFileReference; lastKnownFileType = sourcecode.swift; path = MapView.swift; sourceTree = "<group>"; };
		09F5E54426A4748F009E3FFF /* MapViewModel.swift */ = {isa = PBXFileReference; lastKnownFileType = sourcecode.swift; path = MapViewModel.swift; sourceTree = "<group>"; };
		09F5E54626A48D55009E3FFF /* MapViewModelFactory.swift */ = {isa = PBXFileReference; lastKnownFileType = sourcecode.swift; path = MapViewModelFactory.swift; sourceTree = "<group>"; };
		F1614E3726A99F36004F4285 /* MeteorsFeature.swift */ = {isa = PBXFileReference; lastKnownFileType = sourcecode.swift; path = MeteorsFeature.swift; sourceTree = "<group>"; };
		F1614E3D26A9A037004F4285 /* MeteorsFeatureContainerView.swift */ = {isa = PBXFileReference; lastKnownFileType = sourcecode.swift; path = MeteorsFeatureContainerView.swift; sourceTree = "<group>"; };
		F1676F9526A1DC02009F0644 /* MeteorsFeature.framework */ = {isa = PBXFileReference; explicitFileType = wrapper.framework; includeInIndex = 0; path = MeteorsFeature.framework; sourceTree = BUILT_PRODUCTS_DIR; };
		F1676F9826A1DC02009F0644 /* MeteorsFeature.h */ = {isa = PBXFileReference; lastKnownFileType = sourcecode.c.h; path = MeteorsFeature.h; sourceTree = "<group>"; };
		F1676F9926A1DC02009F0644 /* Info.plist */ = {isa = PBXFileReference; lastKnownFileType = text.plist.xml; path = Info.plist; sourceTree = "<group>"; };
		F1676F9E26A1DC03009F0644 /* MeteorsFeatureTests.xctest */ = {isa = PBXFileReference; explicitFileType = wrapper.cfbundle; includeInIndex = 0; path = MeteorsFeatureTests.xctest; sourceTree = BUILT_PRODUCTS_DIR; };
		F1676FA326A1DC03009F0644 /* MeteorsFeatureTests.swift */ = {isa = PBXFileReference; lastKnownFileType = sourcecode.swift; path = MeteorsFeatureTests.swift; sourceTree = "<group>"; };
		F1676FA526A1DC03009F0644 /* Info.plist */ = {isa = PBXFileReference; lastKnownFileType = text.plist.xml; path = Info.plist; sourceTree = "<group>"; };
/* End PBXFileReference section */

/* Begin PBXFrameworksBuildPhase section */
		F1676F9226A1DC02009F0644 /* Frameworks */ = {
			isa = PBXFrameworksBuildPhase;
			buildActionMask = 2147483647;
			files = (
				F1676FB626A1DC3C009F0644 /* Networking in Frameworks */,
			);
			runOnlyForDeploymentPostprocessing = 0;
		};
		F1676F9B26A1DC03009F0644 /* Frameworks */ = {
			isa = PBXFrameworksBuildPhase;
			buildActionMask = 2147483647;
			files = (
				F1676F9F26A1DC03009F0644 /* MeteorsFeature.framework in Frameworks */,
			);
			runOnlyForDeploymentPostprocessing = 0;
		};
/* End PBXFrameworksBuildPhase section */

/* Begin PBXGroup section */
		0924055B26AA31B6000D7E32 /* Views */ = {
			isa = PBXGroup;
			children = (
				0924055C26AA31C0000D7E32 /* MeteoriteList */,
			);
			path = Views;
			sourceTree = "<group>";
		};
		0924055C26AA31C0000D7E32 /* MeteoriteList */ = {
			isa = PBXGroup;
			children = (
				095F401926AAAFF0002329CD /* MeteoriteListModelFactoryTests.swift */,
				0924055D26AA31FC000D7E32 /* MeteoriteListViewModelTests.swift */,
			);
			path = MeteoriteList;
			sourceTree = "<group>";
		};
		095533B926A62E06003A65A7 /* PreviewContent */ = {
			isa = PBXGroup;
			children = (
				095533BA26A62E3C003A65A7 /* Mocks.swift */,
				09F5E53226A30961009E3FFF /* PreviewMockGenerator.swift */,
			);
			path = PreviewContent;
			sourceTree = "<group>";
		};
		095F404426AAE2BB002329CD /* Extensions */ = {
			isa = PBXGroup;
			children = (
				095F404526AAE2C9002329CD /* Bundle+Extension.swift */,
				095F404726AAE2FB002329CD /* DispatchQueue+Extension.swift */,
			);
			path = Extensions;
			sourceTree = "<group>";
		};
		097FE1D426A1EE6000E7A423 /* Meteorite */ = {
			isa = PBXGroup;
			children = (
				09C94C3626A6D89C00BAED7D /* MeteoriteApiModelMapper.swift */,
				09C94C5A26A77BE000BAED7D /* MeteoriteDbModelMapper.swift */,
				097FE1D526A1EE7000E7A423 /* Models */,
			);
			path = Meteorite;
			sourceTree = "<group>";
		};
		097FE1D526A1EE7000E7A423 /* Models */ = {
			isa = PBXGroup;
			children = (
				097FE1D626A1EE7900E7A423 /* Meteorite.swift */,
			);
			path = Models;
			sourceTree = "<group>";
		};
		097FE1DC26A2002400E7A423 /* Resources */ = {
			isa = PBXGroup;
			children = (
				097FE1DD26A2003300E7A423 /* Assets.xcassets */,
				095533B926A62E06003A65A7 /* PreviewContent */,
			);
			path = Resources;
			sourceTree = "<group>";
		};
		097FE1DF26A2062200E7A423 /* MeteoriteCell */ = {
			isa = PBXGroup;
			children = (
				097FE1D226A1EDD800E7A423 /* MeteoriteCell.swift */,
				097FE1E026A2064300E7A423 /* MeteoriteCellModel.swift */,
				0924055926AA177D000D7E32 /* MeteoriteCellViewModel.swift */,
			);
			path = MeteoriteCell;
			sourceTree = "<group>";
		};
		09C94C2426A6D0B800BAED7D /* MeteoriteList */ = {
			isa = PBXGroup;
			children = (
				09C94C2526A6D0CB00BAED7D /* Models */,
			);
			path = MeteoriteList;
			sourceTree = "<group>";
		};
		09C94C2526A6D0CB00BAED7D /* Models */ = {
			isa = PBXGroup;
			children = (
				09C94C2626A6D12900BAED7D /* APIMeteorite.swift */,
			);
			path = Models;
			sourceTree = "<group>";
		};
		09C94C2826A6D42600BAED7D /* Service */ = {
			isa = PBXGroup;
			children = (
				09C94C6626A85ABA00BAED7D /* MeteoriteDbServiceTests.swift */,
				09C94C2B26A6D45B00BAED7D /* Stubs */,
			);
			path = Service;
			sourceTree = "<group>";
		};
		09C94C2B26A6D45B00BAED7D /* Stubs */ = {
			isa = PBXGroup;
			children = (
				09C94C2C26A6D47500BAED7D /* get-meteorite-list.json */,
			);
			path = Stubs;
			sourceTree = "<group>";
		};
		09C94C2E26A6D4A700BAED7D /* Mock */ = {
			isa = PBXGroup;
			children = (
				09C94C2F26A6D4C800BAED7D /* MockMeteoriteFiles.swift */,
				09C94C3126A6D5D200BAED7D /* Mocks.swift */,
			);
			path = Mock;
			sourceTree = "<group>";
		};
		09C94C3326A6D60B00BAED7D /* Service */ = {
			isa = PBXGroup;
			children = (
				09C94C5626A778DF00BAED7D /* JSONSerializer.swift */,
				09C94C3426A6D6EB00BAED7D /* MeteoriteApiServiceProtocol.swift */,
				09C94C4826A7409900BAED7D /* MeteoriteDbService.swift */,
			);
			path = Service;
			sourceTree = "<group>";
		};
		09C94C4526A73BC600BAED7D /* Manager */ = {
			isa = PBXGroup;
			children = (
				095F404926AB1214002329CD /* LocationManager.swift */,
				09C94C4626A73BE500BAED7D /* MeteoriteListManager.swift */,
			);
			path = Manager;
			sourceTree = "<group>";
		};
		09C94C6526A8584B00BAED7D /* Business */ = {
			isa = PBXGroup;
			children = (
				09C94C6B26A87FE200BAED7D /* Meteorite */,
				09C94C6826A86E2E00BAED7D /* Manager */,
				09C94C2826A6D42600BAED7D /* Service */,
			);
			path = Business;
			sourceTree = "<group>";
		};
		09C94C6826A86E2E00BAED7D /* Manager */ = {
			isa = PBXGroup;
			children = (
				09C94C6926A86E4800BAED7D /* MeteoriteListManagerTests.swift */,
			);
			path = Manager;
			sourceTree = "<group>";
		};
		09C94C6B26A87FE200BAED7D /* Meteorite */ = {
			isa = PBXGroup;
			children = (
				09C94C6C26A87FF800BAED7D /* MeteoriteApiModelMapperTests.swift */,
				09C94C6E26A8899300BAED7D /* MeteoriteDbModelMapperTests.swift */,
			);
			path = Meteorite;
			sourceTree = "<group>";
		};
		09E1401226A1EA6F0098EA07 /* Business */ = {
			isa = PBXGroup;
			children = (
				09C94C4526A73BC600BAED7D /* Manager */,
				09C94C3326A6D60B00BAED7D /* Service */,
				097FE1D426A1EE6000E7A423 /* Meteorite */,
			);
			path = Business;
			sourceTree = "<group>";
		};
		09E1401326A1EA820098EA07 /* Views */ = {
			isa = PBXGroup;
			children = (
				F1614E3D26A9A037004F4285 /* MeteorsFeatureContainerView.swift */,
				09F5E53826A3259C009E3FFF /* Buttons.swift */,
				097FE1E226A2E5AF00E7A423 /* Constants.swift */,
				097FE1DA26A1FD8200E7A423 /* TextViews.swift */,
				09F5E53A26A32AF7009E3FFF /* Filters */,
				09F5E54126A4740D009E3FFF /* MapView */,
				097FE1DF26A2062200E7A423 /* MeteoriteCell */,
				09F5E52F26A3065B009E3FFF /* MeteoriteList */,
			);
			path = Views;
			sourceTree = "<group>";
		};
		09E1401426A1EA860098EA07 /* Data */ = {
			isa = PBXGroup;
			children = (
				F1614E4326A9AC7F004F4285 /* Api */,
				F1614E4426A9AC85004F4285 /* Database */,
			);
			path = Data;
			sourceTree = "<group>";
		};
		09F5E52F26A3065B009E3FFF /* MeteoriteList */ = {
			isa = PBXGroup;
			children = (
				09F5E53626A31342009E3FFF /* MeteoriteListBackgroundView.swift */,
				095F403B26AACD1B002329CD /* MeteoriteListBridge.swift */,
				09F5E53026A30670009E3FFF /* MeteoriteListModel.swift */,
				095533BE26A63197003A65A7 /* MeteoriteListModelFactory.swift */,
				09E1401526A1EB990098EA07 /* MeteoriteListView.swift */,
				095533BC26A6313E003A65A7 /* MeteoriteListViewModel.swift */,
			);
			path = MeteoriteList;
			sourceTree = "<group>";
		};
		09F5E53A26A32AF7009E3FFF /* Filters */ = {
			isa = PBXGroup;
			children = (
				095533B526A62951003A65A7 /* FiltersModel.swift */,
				095533B726A62A7B003A65A7 /* FiltersModelFactory.swift */,
				09F5E53B26A32B0E009E3FFF /* FiltersView.swift */,
				09F5E53F26A44C14009E3FFF /* FiltersViewModel.swift */,
			);
			path = Filters;
			sourceTree = "<group>";
		};
		09F5E54126A4740D009E3FFF /* MapView */ = {
			isa = PBXGroup;
			children = (
				095533C026A63A1D003A65A7 /* MapModel.swift */,
				09F5E54226A47482009E3FFF /* MapView.swift */,
				09F5E54426A4748F009E3FFF /* MapViewModel.swift */,
				09F5E54626A48D55009E3FFF /* MapViewModelFactory.swift */,
			);
			path = MapView;
			sourceTree = "<group>";
		};
		F1614E4326A9AC7F004F4285 /* Api */ = {
			isa = PBXGroup;
			children = (
				09C94C2226A6CFEE00BAED7D /* MeteoriteRouter.swift */,
				09C94C2426A6D0B800BAED7D /* MeteoriteList */,
			);
			path = Api;
			sourceTree = "<group>";
		};
		F1614E4426A9AC85004F4285 /* Database */ = {
			isa = PBXGroup;
			children = (
				F1614E4726A9AC9D004F4285 /* Models */,
			);
			path = Database;
			sourceTree = "<group>";
		};
		F1614E4726A9AC9D004F4285 /* Models */ = {
			isa = PBXGroup;
			children = (
				09C94C5826A77B7600BAED7D /* DBMeteorite.swift */,
			);
			path = Models;
			sourceTree = "<group>";
		};
		F1676F8B26A1DC02009F0644 = {
			isa = PBXGroup;
			children = (
				F1676F9726A1DC02009F0644 /* MeteorsFeature */,
				F1676FA226A1DC03009F0644 /* MeteorsFeatureTests */,
				F1676F9626A1DC02009F0644 /* Products */,
			);
			sourceTree = "<group>";
		};
		F1676F9626A1DC02009F0644 /* Products */ = {
			isa = PBXGroup;
			children = (
				F1676F9526A1DC02009F0644 /* MeteorsFeature.framework */,
				F1676F9E26A1DC03009F0644 /* MeteorsFeatureTests.xctest */,
			);
			name = Products;
			sourceTree = "<group>";
		};
		F1676F9726A1DC02009F0644 /* MeteorsFeature */ = {
			isa = PBXGroup;
			children = (
				F1614E3726A99F36004F4285 /* MeteorsFeature.swift */,
				F1676F9826A1DC02009F0644 /* MeteorsFeature.h */,
				F1676F9926A1DC02009F0644 /* Info.plist */,
				09E1401226A1EA6F0098EA07 /* Business */,
				09E1401426A1EA860098EA07 /* Data */,
				095F404426AAE2BB002329CD /* Extensions */,
				097FE1DC26A2002400E7A423 /* Resources */,
				09E1401326A1EA820098EA07 /* Views */,
			);
			path = MeteorsFeature;
			sourceTree = "<group>";
		};
		F1676FA226A1DC03009F0644 /* MeteorsFeatureTests */ = {
			isa = PBXGroup;
			children = (
				0924055B26AA31B6000D7E32 /* Views */,
				09C94C6526A8584B00BAED7D /* Business */,
				F1676FA526A1DC03009F0644 /* Info.plist */,
				F1676FA326A1DC03009F0644 /* MeteorsFeatureTests.swift */,
				09C94C2E26A6D4A700BAED7D /* Mock */,
			);
			path = MeteorsFeatureTests;
			sourceTree = "<group>";
		};
/* End PBXGroup section */

/* Begin PBXHeadersBuildPhase section */
		F1676F9026A1DC02009F0644 /* Headers */ = {
			isa = PBXHeadersBuildPhase;
			buildActionMask = 2147483647;
			files = (
				F1676FA626A1DC03009F0644 /* MeteorsFeature.h in Headers */,
			);
			runOnlyForDeploymentPostprocessing = 0;
		};
/* End PBXHeadersBuildPhase section */

/* Begin PBXNativeTarget section */
		F1676F9426A1DC02009F0644 /* MeteorsFeature */ = {
			isa = PBXNativeTarget;
			buildConfigurationList = F1676FA926A1DC03009F0644 /* Build configuration list for PBXNativeTarget "MeteorsFeature" */;
			buildPhases = (
				F1676F9026A1DC02009F0644 /* Headers */,
				F1676F9126A1DC02009F0644 /* Sources */,
				F1676F9226A1DC02009F0644 /* Frameworks */,
				F1676F9326A1DC02009F0644 /* Resources */,
			);
			buildRules = (
			);
			dependencies = (
			);
			name = MeteorsFeature;
			packageProductDependencies = (
				F1676FB526A1DC3C009F0644 /* Networking */,
			);
			productName = MeteorsFeature;
			productReference = F1676F9526A1DC02009F0644 /* MeteorsFeature.framework */;
			productType = "com.apple.product-type.framework";
		};
		F1676F9D26A1DC03009F0644 /* MeteorsFeatureTests */ = {
			isa = PBXNativeTarget;
			buildConfigurationList = F1676FAC26A1DC03009F0644 /* Build configuration list for PBXNativeTarget "MeteorsFeatureTests" */;
			buildPhases = (
				F1676F9A26A1DC03009F0644 /* Sources */,
				F1676F9B26A1DC03009F0644 /* Frameworks */,
				F1676F9C26A1DC03009F0644 /* Resources */,
			);
			buildRules = (
			);
			dependencies = (
				F1676FA126A1DC03009F0644 /* PBXTargetDependency */,
			);
			name = MeteorsFeatureTests;
			productName = MeteorsFeatureTests;
			productReference = F1676F9E26A1DC03009F0644 /* MeteorsFeatureTests.xctest */;
			productType = "com.apple.product-type.bundle.unit-test";
		};
/* End PBXNativeTarget section */

/* Begin PBXProject section */
		F1676F8C26A1DC02009F0644 /* Project object */ = {
			isa = PBXProject;
			attributes = {
				LastSwiftUpdateCheck = 1230;
				LastUpgradeCheck = 1230;
				TargetAttributes = {
					F1676F9426A1DC02009F0644 = {
						CreatedOnToolsVersion = 12.3;
						LastSwiftMigration = 1250;
					};
					F1676F9D26A1DC03009F0644 = {
						CreatedOnToolsVersion = 12.3;
					};
				};
			};
			buildConfigurationList = F1676F8F26A1DC02009F0644 /* Build configuration list for PBXProject "MeteorsFeature" */;
			compatibilityVersion = "Xcode 9.3";
			developmentRegion = en;
			hasScannedForEncodings = 0;
			knownRegions = (
				en,
				Base,
			);
			mainGroup = F1676F8B26A1DC02009F0644;
			packageReferences = (
				F1676FB426A1DC3C009F0644 /* XCRemoteSwiftPackageReference "Networking" */,
			);
			productRefGroup = F1676F9626A1DC02009F0644 /* Products */;
			projectDirPath = "";
			projectRoot = "";
			targets = (
				F1676F9426A1DC02009F0644 /* MeteorsFeature */,
				F1676F9D26A1DC03009F0644 /* MeteorsFeatureTests */,
			);
		};
/* End PBXProject section */

/* Begin PBXResourcesBuildPhase section */
		F1676F9326A1DC02009F0644 /* Resources */ = {
			isa = PBXResourcesBuildPhase;
			buildActionMask = 2147483647;
			files = (
				097FE1DE26A2003300E7A423 /* Assets.xcassets in Resources */,
			);
			runOnlyForDeploymentPostprocessing = 0;
		};
		F1676F9C26A1DC03009F0644 /* Resources */ = {
			isa = PBXResourcesBuildPhase;
			buildActionMask = 2147483647;
			files = (
				09C94C2D26A6D47500BAED7D /* get-meteorite-list.json in Resources */,
			);
			runOnlyForDeploymentPostprocessing = 0;
		};
/* End PBXResourcesBuildPhase section */

/* Begin PBXSourcesBuildPhase section */
		F1676F9126A1DC02009F0644 /* Sources */ = {
			isa = PBXSourcesBuildPhase;
			buildActionMask = 2147483647;
			files = (
				09F5E53326A30961009E3FFF /* PreviewMockGenerator.swift in Sources */,
				095F404626AAE2C9002329CD /* Bundle+Extension.swift in Sources */,
				09C94C3726A6D89C00BAED7D /* MeteoriteApiModelMapper.swift in Sources */,
				095533BF26A63197003A65A7 /* MeteoriteListModelFactory.swift in Sources */,
				09F5E53726A31342009E3FFF /* MeteoriteListBackgroundView.swift in Sources */,
				09F5E53126A30670009E3FFF /* MeteoriteListModel.swift in Sources */,
				095533C126A63A1D003A65A7 /* MapModel.swift in Sources */,
				097FE1D726A1EE7900E7A423 /* Meteorite.swift in Sources */,
				09F5E54326A47482009E3FFF /* MapView.swift in Sources */,
				095533BB26A62E3C003A65A7 /* Mocks.swift in Sources */,
				09C94C3526A6D6EB00BAED7D /* MeteoriteApiServiceProtocol.swift in Sources */,
				F1614E3826A99F36004F4285 /* MeteorsFeature.swift in Sources */,
				09F5E53C26A32B0E009E3FFF /* FiltersView.swift in Sources */,
				095F404826AAE2FB002329CD /* DispatchQueue+Extension.swift in Sources */,
				095533BD26A6313E003A65A7 /* MeteoriteListViewModel.swift in Sources */,
				095533B826A62A7B003A65A7 /* FiltersModelFactory.swift in Sources */,
				097FE1DB26A1FD8200E7A423 /* TextViews.swift in Sources */,
				095F403C26AACD1B002329CD /* MeteoriteListBridge.swift in Sources */,
				F1614E3E26A9A037004F4285 /* MeteorsFeatureContainerView.swift in Sources */,
				09C94C4726A73BE500BAED7D /* MeteoriteListManager.swift in Sources */,
				095533B626A62951003A65A7 /* FiltersModel.swift in Sources */,
				09F5E53926A3259C009E3FFF /* Buttons.swift in Sources */,
				09E1401626A1EB990098EA07 /* MeteoriteListView.swift in Sources */,
				09C94C2326A6CFEE00BAED7D /* MeteoriteRouter.swift in Sources */,
				097FE1E126A2064300E7A423 /* MeteoriteCellModel.swift in Sources */,
				097FE1D326A1EDD800E7A423 /* MeteoriteCell.swift in Sources */,
				09F5E54526A4748F009E3FFF /* MapViewModel.swift in Sources */,
				09F5E54026A44C14009E3FFF /* FiltersViewModel.swift in Sources */,
				09C94C5726A778DF00BAED7D /* JSONSerializer.swift in Sources */,
				09C94C5926A77B7600BAED7D /* DBMeteorite.swift in Sources */,
				097FE1E326A2E5AF00E7A423 /* Constants.swift in Sources */,
				09C94C4926A7409900BAED7D /* MeteoriteDbService.swift in Sources */,
				09C94C5B26A77BE000BAED7D /* MeteoriteDbModelMapper.swift in Sources */,
				09F5E54726A48D55009E3FFF /* MapViewModelFactory.swift in Sources */,
				09C94C2726A6D12900BAED7D /* APIMeteorite.swift in Sources */,
				0924055A26AA177D000D7E32 /* MeteoriteCellViewModel.swift in Sources */,
				095F404A26AB1214002329CD /* LocationManager.swift in Sources */,
			);
			runOnlyForDeploymentPostprocessing = 0;
		};
		F1676F9A26A1DC03009F0644 /* Sources */ = {
			isa = PBXSourcesBuildPhase;
			buildActionMask = 2147483647;
			files = (
				09C94C6A26A86E4800BAED7D /* MeteoriteListManagerTests.swift in Sources */,
				09C94C6726A85ABA00BAED7D /* MeteoriteDbServiceTests.swift in Sources */,
				F1676FA426A1DC03009F0644 /* MeteorsFeatureTests.swift in Sources */,
				09C94C3226A6D5D200BAED7D /* Mocks.swift in Sources */,
				09C94C6D26A87FF800BAED7D /* MeteoriteApiModelMapperTests.swift in Sources */,
				09C94C6F26A8899300BAED7D /* MeteoriteDbModelMapperTests.swift in Sources */,
				09C94C3026A6D4C800BAED7D /* MockMeteoriteFiles.swift in Sources */,
				0924055E26AA31FC000D7E32 /* MeteoriteListViewModelTests.swift in Sources */,
				095F401A26AAAFF0002329CD /* MeteoriteListModelFactoryTests.swift in Sources */,
			);
			runOnlyForDeploymentPostprocessing = 0;
		};
/* End PBXSourcesBuildPhase section */

/* Begin PBXTargetDependency section */
		F1676FA126A1DC03009F0644 /* PBXTargetDependency */ = {
			isa = PBXTargetDependency;
			target = F1676F9426A1DC02009F0644 /* MeteorsFeature */;
			targetProxy = F1676FA026A1DC03009F0644 /* PBXContainerItemProxy */;
		};
/* End PBXTargetDependency section */

/* Begin XCBuildConfiguration section */
		F1676FA726A1DC03009F0644 /* Debug */ = {
			isa = XCBuildConfiguration;
			buildSettings = {
				ALWAYS_SEARCH_USER_PATHS = NO;
				CLANG_ANALYZER_NONNULL = YES;
				CLANG_ANALYZER_NUMBER_OBJECT_CONVERSION = YES_AGGRESSIVE;
				CLANG_CXX_LANGUAGE_STANDARD = "gnu++14";
				CLANG_CXX_LIBRARY = "libc++";
				CLANG_ENABLE_MODULES = YES;
				CLANG_ENABLE_OBJC_ARC = YES;
				CLANG_ENABLE_OBJC_WEAK = YES;
				CLANG_WARN_BLOCK_CAPTURE_AUTORELEASING = YES;
				CLANG_WARN_BOOL_CONVERSION = YES;
				CLANG_WARN_COMMA = YES;
				CLANG_WARN_CONSTANT_CONVERSION = YES;
				CLANG_WARN_DEPRECATED_OBJC_IMPLEMENTATIONS = YES;
				CLANG_WARN_DIRECT_OBJC_ISA_USAGE = YES_ERROR;
				CLANG_WARN_DOCUMENTATION_COMMENTS = YES;
				CLANG_WARN_EMPTY_BODY = YES;
				CLANG_WARN_ENUM_CONVERSION = YES;
				CLANG_WARN_INFINITE_RECURSION = YES;
				CLANG_WARN_INT_CONVERSION = YES;
				CLANG_WARN_NON_LITERAL_NULL_CONVERSION = YES;
				CLANG_WARN_OBJC_IMPLICIT_RETAIN_SELF = YES;
				CLANG_WARN_OBJC_LITERAL_CONVERSION = YES;
				CLANG_WARN_OBJC_ROOT_CLASS = YES_ERROR;
				CLANG_WARN_QUOTED_INCLUDE_IN_FRAMEWORK_HEADER = YES;
				CLANG_WARN_RANGE_LOOP_ANALYSIS = YES;
				CLANG_WARN_STRICT_PROTOTYPES = YES;
				CLANG_WARN_SUSPICIOUS_MOVE = YES;
				CLANG_WARN_UNGUARDED_AVAILABILITY = YES_AGGRESSIVE;
				CLANG_WARN_UNREACHABLE_CODE = YES;
				CLANG_WARN__DUPLICATE_METHOD_MATCH = YES;
				COPY_PHASE_STRIP = NO;
				CURRENT_PROJECT_VERSION = 1;
				DEBUG_INFORMATION_FORMAT = dwarf;
				ENABLE_STRICT_OBJC_MSGSEND = YES;
				ENABLE_TESTABILITY = YES;
				GCC_C_LANGUAGE_STANDARD = gnu11;
				GCC_DYNAMIC_NO_PIC = NO;
				GCC_NO_COMMON_BLOCKS = YES;
				GCC_OPTIMIZATION_LEVEL = 0;
				GCC_PREPROCESSOR_DEFINITIONS = (
					"DEBUG=1",
					"$(inherited)",
				);
				GCC_WARN_64_TO_32_BIT_CONVERSION = YES;
				GCC_WARN_ABOUT_RETURN_TYPE = YES_ERROR;
				GCC_WARN_UNDECLARED_SELECTOR = YES;
				GCC_WARN_UNINITIALIZED_AUTOS = YES_AGGRESSIVE;
				GCC_WARN_UNUSED_FUNCTION = YES;
				GCC_WARN_UNUSED_VARIABLE = YES;
				IPHONEOS_DEPLOYMENT_TARGET = 14.3;
				MTL_ENABLE_DEBUG_INFO = INCLUDE_SOURCE;
				MTL_FAST_MATH = YES;
				ONLY_ACTIVE_ARCH = YES;
				SDKROOT = iphoneos;
				SWIFT_ACTIVE_COMPILATION_CONDITIONS = DEBUG;
				SWIFT_OPTIMIZATION_LEVEL = "-Onone";
				VERSIONING_SYSTEM = "apple-generic";
				VERSION_INFO_PREFIX = "";
			};
			name = Debug;
		};
		F1676FA826A1DC03009F0644 /* Release */ = {
			isa = XCBuildConfiguration;
			buildSettings = {
				ALWAYS_SEARCH_USER_PATHS = NO;
				CLANG_ANALYZER_NONNULL = YES;
				CLANG_ANALYZER_NUMBER_OBJECT_CONVERSION = YES_AGGRESSIVE;
				CLANG_CXX_LANGUAGE_STANDARD = "gnu++14";
				CLANG_CXX_LIBRARY = "libc++";
				CLANG_ENABLE_MODULES = YES;
				CLANG_ENABLE_OBJC_ARC = YES;
				CLANG_ENABLE_OBJC_WEAK = YES;
				CLANG_WARN_BLOCK_CAPTURE_AUTORELEASING = YES;
				CLANG_WARN_BOOL_CONVERSION = YES;
				CLANG_WARN_COMMA = YES;
				CLANG_WARN_CONSTANT_CONVERSION = YES;
				CLANG_WARN_DEPRECATED_OBJC_IMPLEMENTATIONS = YES;
				CLANG_WARN_DIRECT_OBJC_ISA_USAGE = YES_ERROR;
				CLANG_WARN_DOCUMENTATION_COMMENTS = YES;
				CLANG_WARN_EMPTY_BODY = YES;
				CLANG_WARN_ENUM_CONVERSION = YES;
				CLANG_WARN_INFINITE_RECURSION = YES;
				CLANG_WARN_INT_CONVERSION = YES;
				CLANG_WARN_NON_LITERAL_NULL_CONVERSION = YES;
				CLANG_WARN_OBJC_IMPLICIT_RETAIN_SELF = YES;
				CLANG_WARN_OBJC_LITERAL_CONVERSION = YES;
				CLANG_WARN_OBJC_ROOT_CLASS = YES_ERROR;
				CLANG_WARN_QUOTED_INCLUDE_IN_FRAMEWORK_HEADER = YES;
				CLANG_WARN_RANGE_LOOP_ANALYSIS = YES;
				CLANG_WARN_STRICT_PROTOTYPES = YES;
				CLANG_WARN_SUSPICIOUS_MOVE = YES;
				CLANG_WARN_UNGUARDED_AVAILABILITY = YES_AGGRESSIVE;
				CLANG_WARN_UNREACHABLE_CODE = YES;
				CLANG_WARN__DUPLICATE_METHOD_MATCH = YES;
				COPY_PHASE_STRIP = NO;
				CURRENT_PROJECT_VERSION = 1;
				DEBUG_INFORMATION_FORMAT = "dwarf-with-dsym";
				ENABLE_NS_ASSERTIONS = NO;
				ENABLE_STRICT_OBJC_MSGSEND = YES;
				GCC_C_LANGUAGE_STANDARD = gnu11;
				GCC_NO_COMMON_BLOCKS = YES;
				GCC_WARN_64_TO_32_BIT_CONVERSION = YES;
				GCC_WARN_ABOUT_RETURN_TYPE = YES_ERROR;
				GCC_WARN_UNDECLARED_SELECTOR = YES;
				GCC_WARN_UNINITIALIZED_AUTOS = YES_AGGRESSIVE;
				GCC_WARN_UNUSED_FUNCTION = YES;
				GCC_WARN_UNUSED_VARIABLE = YES;
				IPHONEOS_DEPLOYMENT_TARGET = 14.3;
				MTL_ENABLE_DEBUG_INFO = NO;
				MTL_FAST_MATH = YES;
				SDKROOT = iphoneos;
				SWIFT_COMPILATION_MODE = wholemodule;
				SWIFT_OPTIMIZATION_LEVEL = "-O";
				VALIDATE_PRODUCT = YES;
				VERSIONING_SYSTEM = "apple-generic";
				VERSION_INFO_PREFIX = "";
			};
			name = Release;
		};
		F1676FAA26A1DC03009F0644 /* Debug */ = {
			isa = XCBuildConfiguration;
			buildSettings = {
				CLANG_ENABLE_MODULES = YES;
				CODE_SIGN_STYLE = Automatic;
				DEFINES_MODULE = YES;
				DYLIB_COMPATIBILITY_VERSION = 1;
				DYLIB_CURRENT_VERSION = 1;
				DYLIB_INSTALL_NAME_BASE = "@rpath";
				INFOPLIST_FILE = MeteorsFeature/Info.plist;
				INSTALL_PATH = "$(LOCAL_LIBRARY_DIR)/Frameworks";
				LD_RUNPATH_SEARCH_PATHS = (
					"$(inherited)",
					"@executable_path/Frameworks",
					"@loader_path/Frameworks",
				);
				PRODUCT_BUNDLE_IDENTIFIER = diego.MeteorsFeature;
				PRODUCT_NAME = "$(TARGET_NAME:c99extidentifier)";
				SKIP_INSTALL = YES;
				SWIFT_OPTIMIZATION_LEVEL = "-Onone";
				SWIFT_VERSION = 5.0;
				TARGETED_DEVICE_FAMILY = "1,2";
			};
			name = Debug;
		};
		F1676FAB26A1DC03009F0644 /* Release */ = {
			isa = XCBuildConfiguration;
			buildSettings = {
				CLANG_ENABLE_MODULES = YES;
				CODE_SIGN_STYLE = Automatic;
				DEFINES_MODULE = YES;
				DYLIB_COMPATIBILITY_VERSION = 1;
				DYLIB_CURRENT_VERSION = 1;
				DYLIB_INSTALL_NAME_BASE = "@rpath";
				INFOPLIST_FILE = MeteorsFeature/Info.plist;
				INSTALL_PATH = "$(LOCAL_LIBRARY_DIR)/Frameworks";
				LD_RUNPATH_SEARCH_PATHS = (
					"$(inherited)",
					"@executable_path/Frameworks",
					"@loader_path/Frameworks",
				);
				PRODUCT_BUNDLE_IDENTIFIER = diego.MeteorsFeature;
				PRODUCT_NAME = "$(TARGET_NAME:c99extidentifier)";
				SKIP_INSTALL = YES;
				SWIFT_VERSION = 5.0;
				TARGETED_DEVICE_FAMILY = "1,2";
			};
			name = Release;
		};
		F1676FAD26A1DC03009F0644 /* Debug */ = {
			isa = XCBuildConfiguration;
			buildSettings = {
				ALWAYS_EMBED_SWIFT_STANDARD_LIBRARIES = YES;
				CODE_SIGN_STYLE = Automatic;
				INFOPLIST_FILE = MeteorsFeatureTests/Info.plist;
				LD_RUNPATH_SEARCH_PATHS = (
					"$(inherited)",
					"@executable_path/Frameworks",
					"@loader_path/Frameworks",
				);
				PRODUCT_BUNDLE_IDENTIFIER = diego.MeteorsFeatureTests;
				PRODUCT_NAME = "$(TARGET_NAME)";
				SWIFT_VERSION = 5.0;
				TARGETED_DEVICE_FAMILY = "1,2";
			};
			name = Debug;
		};
		F1676FAE26A1DC03009F0644 /* Release */ = {
			isa = XCBuildConfiguration;
			buildSettings = {
				ALWAYS_EMBED_SWIFT_STANDARD_LIBRARIES = YES;
				CODE_SIGN_STYLE = Automatic;
				INFOPLIST_FILE = MeteorsFeatureTests/Info.plist;
				LD_RUNPATH_SEARCH_PATHS = (
					"$(inherited)",
					"@executable_path/Frameworks",
					"@loader_path/Frameworks",
				);
				PRODUCT_BUNDLE_IDENTIFIER = diego.MeteorsFeatureTests;
				PRODUCT_NAME = "$(TARGET_NAME)";
				SWIFT_VERSION = 5.0;
				TARGETED_DEVICE_FAMILY = "1,2";
			};
			name = Release;
		};
/* End XCBuildConfiguration section */

/* Begin XCConfigurationList section */
		F1676F8F26A1DC02009F0644 /* Build configuration list for PBXProject "MeteorsFeature" */ = {
			isa = XCConfigurationList;
			buildConfigurations = (
				F1676FA726A1DC03009F0644 /* Debug */,
				F1676FA826A1DC03009F0644 /* Release */,
			);
			defaultConfigurationIsVisible = 0;
			defaultConfigurationName = Release;
		};
		F1676FA926A1DC03009F0644 /* Build configuration list for PBXNativeTarget "MeteorsFeature" */ = {
			isa = XCConfigurationList;
			buildConfigurations = (
				F1676FAA26A1DC03009F0644 /* Debug */,
				F1676FAB26A1DC03009F0644 /* Release */,
			);
			defaultConfigurationIsVisible = 0;
			defaultConfigurationName = Release;
		};
		F1676FAC26A1DC03009F0644 /* Build configuration list for PBXNativeTarget "MeteorsFeatureTests" */ = {
			isa = XCConfigurationList;
			buildConfigurations = (
				F1676FAD26A1DC03009F0644 /* Debug */,
				F1676FAE26A1DC03009F0644 /* Release */,
			);
			defaultConfigurationIsVisible = 0;
			defaultConfigurationName = Release;
		};
/* End XCConfigurationList section */

/* Begin XCRemoteSwiftPackageReference section */
		F1676FB426A1DC3C009F0644 /* XCRemoteSwiftPackageReference "Networking" */ = {
			isa = XCRemoteSwiftPackageReference;
			repositoryURL = "git@github.com:dijeba/Networking.git";
			requirement = {
				kind = upToNextMajorVersion;
				minimumVersion = 1.0.0;
			};
		};
/* End XCRemoteSwiftPackageReference section */

/* Begin XCSwiftPackageProductDependency section */
		F1676FB526A1DC3C009F0644 /* Networking */ = {
			isa = XCSwiftPackageProductDependency;
			package = F1676FB426A1DC3C009F0644 /* XCRemoteSwiftPackageReference "Networking" */;
			productName = Networking;
		};
/* End XCSwiftPackageProductDependency section */
	};
	rootObject = F1676F8C26A1DC02009F0644 /* Project object */;
}
